
Microsoft Visual Studio Solution File, Format Version 12.00
# Visual Studio Version 17
VisualStudioVersion = 17.5.002.0
MinimumVisualStudioVersion = 10.0.40219.1
Project("{2150E333-8FDC-42A3-9474-1A3956D46DE8}") = "server", "server", "{F0BE6301-99B8-4C5E-9CF9-E22ED3246A04}"
EndProject
Project("{9A19103F-16F7-4668-BE54-9A1E7A4F7556}") = "Api.Rest", "server\Api.Rest\Api.Rest.csproj", "{129EC0AA-158F-4344-9F18-79579E90271D}"
EndProject
Project("{9A19103F-16F7-4668-BE54-9A1E7A4F7556}") = "Infrastructure.Websocket", "server\Infrastructure.Websocket\Infrastructure.Websocket.csproj", "{3B1E773F-CB52-4F25-9334-97495DBD9977}"
EndProject
Project("{9A19103F-16F7-4668-BE54-9A1E7A4F7556}") = "Infrastructure.Mqtt", "server\Infrastructure.Mqtt\Infrastructure.Mqtt.csproj", "{42C9FDE1-FA0F-4768-87F3-9F17A0196219}"
EndProject
Project("{9A19103F-16F7-4668-BE54-9A1E7A4F7556}") = "Infrastructure.Postgres", "server\Infrastructure.Postgres\Infrastructure.Postgres.csproj", "{4A218ACB-6C60-408B-A0EF-49C053879C6F}"
EndProject
Project("{9A19103F-16F7-4668-BE54-9A1E7A4F7556}") = "Infrastructure.Postgres.Scaffolding", "server\Infrastructure.Postgres.Scaffolding\Infrastructure.Postgres.Scaffolding.csproj", "{3B7D6BCB-6D46-4869-A290-C9B8E13DB3CE}"
EndProject
Project("{9A19103F-16F7-4668-BE54-9A1E7A4F7556}") = "Api.Websocket", "server\Api.Websocket\Api.Websocket.csproj", "{EA871313-63AB-4D9A-83A6-571BA932F8CE}"
EndProject
Project("{9A19103F-16F7-4668-BE54-9A1E7A4F7556}") = "Startup.Tests", "server\Startup.Tests\Startup.Tests.csproj", "{AA45EECE-192B-40DF-B12A-0F3B0E04D246}"
EndProject
Project("{9A19103F-16F7-4668-BE54-9A1E7A4F7556}") = "Application", "server\Application\Application.csproj", "{09C97A2C-3CAA-4E48-A9FB-B84E93383B17}"
EndProject
Project("{9A19103F-16F7-4668-BE54-9A1E7A4F7556}") = "Startup", "server\Startup\Startup.csproj", "{3ECB7005-BC87-4AA3-B17A-322EE23DD706}"
EndProject
Global
	GlobalSection(SolutionConfigurationPlatforms) = preSolution
		Debug|Any CPU = Debug|Any CPU
		Release|Any CPU = Release|Any CPU
	EndGlobalSection
	GlobalSection(ProjectConfigurationPlatforms) = postSolution
		{129EC0AA-158F-4344-9F18-79579E90271D}.Debug|Any CPU.ActiveCfg = Debug|Any CPU
		{129EC0AA-158F-4344-9F18-79579E90271D}.Debug|Any CPU.Build.0 = Debug|Any CPU
		{129EC0AA-158F-4344-9F18-79579E90271D}.Release|Any CPU.ActiveCfg = Release|Any CPU
		{129EC0AA-158F-4344-9F18-79579E90271D}.Release|Any CPU.Build.0 = Release|Any CPU
		{3B1E773F-CB52-4F25-9334-97495DBD9977}.Debug|Any CPU.ActiveCfg = Debug|Any CPU
		{3B1E773F-CB52-4F25-9334-97495DBD9977}.Debug|Any CPU.Build.0 = Debug|Any CPU
		{3B1E773F-CB52-4F25-9334-97495DBD9977}.Release|Any CPU.ActiveCfg = Release|Any CPU
		{3B1E773F-CB52-4F25-9334-97495DBD9977}.Release|Any CPU.Build.0 = Release|Any CPU
		{42C9FDE1-FA0F-4768-87F3-9F17A0196219}.Debug|Any CPU.ActiveCfg = Debug|Any CPU
		{42C9FDE1-FA0F-4768-87F3-9F17A0196219}.Debug|Any CPU.Build.0 = Debug|Any CPU
		{42C9FDE1-FA0F-4768-87F3-9F17A0196219}.Release|Any CPU.ActiveCfg = Release|Any CPU
		{42C9FDE1-FA0F-4768-87F3-9F17A0196219}.Release|Any CPU.Build.0 = Release|Any CPU
		{4A218ACB-6C60-408B-A0EF-49C053879C6F}.Debug|Any CPU.ActiveCfg = Debug|Any CPU
		{4A218ACB-6C60-408B-A0EF-49C053879C6F}.Debug|Any CPU.Build.0 = Debug|Any CPU
		{4A218ACB-6C60-408B-A0EF-49C053879C6F}.Release|Any CPU.ActiveCfg = Release|Any CPU
		{4A218ACB-6C60-408B-A0EF-49C053879C6F}.Release|Any CPU.Build.0 = Release|Any CPU
		{3B7D6BCB-6D46-4869-A290-C9B8E13DB3CE}.Debug|Any CPU.ActiveCfg = Debug|Any CPU
		{3B7D6BCB-6D46-4869-A290-C9B8E13DB3CE}.Debug|Any CPU.Build.0 = Debug|Any CPU
		{3B7D6BCB-6D46-4869-A290-C9B8E13DB3CE}.Release|Any CPU.ActiveCfg = Release|Any CPU
		{3B7D6BCB-6D46-4869-A290-C9B8E13DB3CE}.Release|Any CPU.Build.0 = Release|Any CPU
		{EA871313-63AB-4D9A-83A6-571BA932F8CE}.Debug|Any CPU.ActiveCfg = Debug|Any CPU
		{EA871313-63AB-4D9A-83A6-571BA932F8CE}.Debug|Any CPU.Build.0 = Debug|Any CPU
		{EA871313-63AB-4D9A-83A6-571BA932F8CE}.Release|Any CPU.ActiveCfg = Release|Any CPU
		{EA871313-63AB-4D9A-83A6-571BA932F8CE}.Release|Any CPU.Build.0 = Release|Any CPU
		{AA45EECE-192B-40DF-B12A-0F3B0E04D246}.Debug|Any CPU.ActiveCfg = Debug|Any CPU
		{AA45EECE-192B-40DF-B12A-0F3B0E04D246}.Debug|Any CPU.Build.0 = Debug|Any CPU
		{AA45EECE-192B-40DF-B12A-0F3B0E04D246}.Release|Any CPU.ActiveCfg = Release|Any CPU
		{AA45EECE-192B-40DF-B12A-0F3B0E04D246}.Release|Any CPU.Build.0 = Release|Any CPU
		{09C97A2C-3CAA-4E48-A9FB-B84E93383B17}.Debug|Any CPU.ActiveCfg = Debug|Any CPU
		{09C97A2C-3CAA-4E48-A9FB-B84E93383B17}.Debug|Any CPU.Build.0 = Debug|Any CPU
		{09C97A2C-3CAA-4E48-A9FB-B84E93383B17}.Release|Any CPU.ActiveCfg = Release|Any CPU
		{09C97A2C-3CAA-4E48-A9FB-B84E93383B17}.Release|Any CPU.Build.0 = Release|Any CPU
		{3ECB7005-BC87-4AA3-B17A-322EE23DD706}.Debug|Any CPU.ActiveCfg = Debug|Any CPU
		{3ECB7005-BC87-4AA3-B17A-322EE23DD706}.Debug|Any CPU.Build.0 = Debug|Any CPU
		{3ECB7005-BC87-4AA3-B17A-322EE23DD706}.Release|Any CPU.ActiveCfg = Release|Any CPU
		{3ECB7005-BC87-4AA3-B17A-322EE23DD706}.Release|Any CPU.Build.0 = Release|Any CPU
	EndGlobalSection
	GlobalSection(SolutionProperties) = preSolution
		HideSolutionNode = FALSE
	EndGlobalSection
	GlobalSection(NestedProjects) = preSolution
		{129EC0AA-158F-4344-9F18-79579E90271D} = {F0BE6301-99B8-4C5E-9CF9-E22ED3246A04}
		{3B1E773F-CB52-4F25-9334-97495DBD9977} = {F0BE6301-99B8-4C5E-9CF9-E22ED3246A04}
		{42C9FDE1-FA0F-4768-87F3-9F17A0196219} = {F0BE6301-99B8-4C5E-9CF9-E22ED3246A04}
		{4A218ACB-6C60-408B-A0EF-49C053879C6F} = {F0BE6301-99B8-4C5E-9CF9-E22ED3246A04}
		{3B7D6BCB-6D46-4869-A290-C9B8E13DB3CE} = {F0BE6301-99B8-4C5E-9CF9-E22ED3246A04}
		{EA871313-63AB-4D9A-83A6-571BA932F8CE} = {F0BE6301-99B8-4C5E-9CF9-E22ED3246A04}
		{AA45EECE-192B-40DF-B12A-0F3B0E04D246} = {F0BE6301-99B8-4C5E-9CF9-E22ED3246A04}
		{09C97A2C-3CAA-4E48-A9FB-B84E93383B17} = {F0BE6301-99B8-4C5E-9CF9-E22ED3246A04}
		{3ECB7005-BC87-4AA3-B17A-322EE23DD706} = {F0BE6301-99B8-4C5E-9CF9-E22ED3246A04}
	EndGlobalSection
	GlobalSection(ExtensibilityGlobals) = postSolution
		SolutionGuid = {11993BC8-1A70-44AD-B48D-51239F4B8C52}
	EndGlobalSection
EndGlobal
