<Solution>
  <Project Path="server/core/core.csproj" Type="Classic C#" />
  <Project Path="server/infrastructure/infrastructure.csproj" Type="Classic C#" />
  <Project Path="server/apis/realtimeapi/realtimeapi.csproj" Type="Classic C#" />
  <Project Path="server/apis/restapi/restapi.csproj" Type="Classic C#" />
  <Project Path="server/service/service.csproj" Type="Classic C#" />
  <Project Path="server/startup/startup.csproj" Type="Classic C#"/>
</Solution>